<?xml version="1.0" encoding="UTF-8"?>
<Scheme LastUpgradeVersion="2600" version="1.7">
  <BuildAction parallelizeBuildables="NO" buildImplicitDependencies="NO">
    <BuildActionEntries>
      <BuildActionEntry buildForTesting="YES" buildForRunning="NO" buildForProfiling="NO" buildForArchiving="NO" buildForAnalyzing="NO">
        <BuildableReference BuildableIdentifier="primary" BlueprintIdentifier="A10000000000000000000008" BuildableName="MRKNormalAppUITests.xctest" BlueprintName="MRKNormalAppUITests" ReferencedContainer="container:MRKNormalAppUI.xcodeproj"/>
      </BuildActionEntry>
    </BuildActionEntries>
  </BuildAction>
  <TestAction buildConfiguration="Debug" selectedDebuggerIdentifier="Xcode.DebuggerFoundation.Debugger.LLDB" selectedLauncherIdentifier="Xcode.IDEFoundation.Launcher.LLDB" shouldUseLaunchSchemeArgsEnv="NO" codeCoverageEnabled="NO">
    <Testables>
      <TestableReference skipped="NO" parallelizable="NO">
        <BuildableReference BuildableIdentifier="primary" BlueprintIdentifier="A10000000000000000000008" BuildableName="MRKNormalAppUITests.xctest" BlueprintName="MRKNormalAppUITests" ReferencedContainer="container:MRKNormalAppUI.xcodeproj"/>
      </TestableReference>
    </Testables>
  </TestAction>
</Scheme>
